
Microsoft Visual Studio Solution File, Format Version 12.00
# Visual Studio Version 16
VisualStudioVersion = 16.0.29411.108
MinimumVisualStudioVersion = 10.0.40219.1
Project("{FAE04EC0-301F-11D3-BF4B-00C04F79EFBC}") = "Knjizara", "Knjizara\Knjizara.csproj", "{1D466199-D096-4AB6-9932-4321112DF736}"
EndProject
Global
	GlobalSection(SolutionConfigurationPlatforms) = preSolution
		Debug|Any CPU = Debug|Any CPU
		Release|Any CPU = Release|Any CPU
	EndGlobalSection
	GlobalSection(ProjectConfigurationPlatforms) = postSolution
		{1D466199-D096-4AB6-9932-4321112DF736}.Debug|Any CPU.ActiveCfg = Debug|Any CPU
		{1D466199-D096-4AB6-9932-4321112DF736}.Debug|Any CPU.Build.0 = Debug|Any CPU
		{1D466199-D096-4AB6-9932-4321112DF736}.Release|Any CPU.ActiveCfg = Release|Any CPU
		{1D466199-D096-4AB6-9932-4321112DF736}.Release|Any CPU.Build.0 = Release|Any CPU
	EndGlobalSection
	GlobalSection(SolutionProperties) = preSolution
		HideSolutionNode = FALSE
	EndGlobalSection
	GlobalSection(ExtensibilityGlobals) = postSolution
		SolutionGuid = {B7FD2DE4-D870-4508-B7CE-D825926857FD}
	EndGlobalSection
EndGlobal
